
Microsoft Visual Studio Solution File, Format Version 12.00
# Visual Studio Version 17
VisualStudioVersion = 17.0.31919.166
MinimumVisualStudioVersion = 10.0.40219.1
Project("{FAE04EC0-301F-11D3-BF4B-00C04F79EFBC}") = "WinLeesZaal", "WinLeesZaal\WinLeesZaal.csproj", "{26FD2759-96E1-4395-B444-71E96218B1C8}"
EndProject
Project("{FAE04EC0-301F-11D3-BF4B-00C04F79EFBC}") = "LesZaalLibrary", "LesZaalLibrary\LesZaalLibrary.csproj", "{05679F6F-A037-4438-98CE-C9130FB09069}"
EndProject
Project("{FAE04EC0-301F-11D3-BF4B-00C04F79EFBC}") = "LesZaalLibraryTests", "LesZaalLibraryTests\LesZaalLibraryTests.csproj", "{932B1346-DD37-47DB-9EAB-7A12A6158CC6}"
EndProject
Global
	GlobalSection(SolutionConfigurationPlatforms) = preSolution
		Debug|Any CPU = Debug|Any CPU
		Release|Any CPU = Release|Any CPU
	EndGlobalSection
	GlobalSection(ProjectConfigurationPlatforms) = postSolution
		{26FD2759-96E1-4395-B444-71E96218B1C8}.Debug|Any CPU.ActiveCfg = Debug|Any CPU
		{26FD2759-96E1-4395-B444-71E96218B1C8}.Debug|Any CPU.Build.0 = Debug|Any CPU
		{26FD2759-96E1-4395-B444-71E96218B1C8}.Release|Any CPU.ActiveCfg = Release|Any CPU
		{26FD2759-96E1-4395-B444-71E96218B1C8}.Release|Any CPU.Build.0 = Release|Any CPU
		{05679F6F-A037-4438-98CE-C9130FB09069}.Debug|Any CPU.ActiveCfg = Debug|Any CPU
		{05679F6F-A037-4438-98CE-C9130FB09069}.Debug|Any CPU.Build.0 = Debug|Any CPU
		{05679F6F-A037-4438-98CE-C9130FB09069}.Release|Any CPU.ActiveCfg = Release|Any CPU
		{05679F6F-A037-4438-98CE-C9130FB09069}.Release|Any CPU.Build.0 = Release|Any CPU
		{932B1346-DD37-47DB-9EAB-7A12A6158CC6}.Debug|Any CPU.ActiveCfg = Debug|Any CPU
		{932B1346-DD37-47DB-9EAB-7A12A6158CC6}.Debug|Any CPU.Build.0 = Debug|Any CPU
		{932B1346-DD37-47DB-9EAB-7A12A6158CC6}.Release|Any CPU.ActiveCfg = Release|Any CPU
		{932B1346-DD37-47DB-9EAB-7A12A6158CC6}.Release|Any CPU.Build.0 = Release|Any CPU
	EndGlobalSection
	GlobalSection(SolutionProperties) = preSolution
		HideSolutionNode = FALSE
	EndGlobalSection
	GlobalSection(ExtensibilityGlobals) = postSolution
		SolutionGuid = {9EB9DE34-D830-44C3-AEFF-B68F27B7268F}
	EndGlobalSection
EndGlobal
